
Microsoft Visual Studio Solution File, Format Version 12.00
# Visual Studio Version 16
VisualStudioVersion = 16.0.31105.61
MinimumVisualStudioVersion = 10.0.40219.1
Project("{FAE04EC0-301F-11D3-BF4B-00C04F79EFBC}") = "RectangleConstructorApp", "RectangleConstructorApp\RectangleConstructorApp.csproj", "{AF171BFE-755F-4AE9-B8EB-F611E841D59D}"
EndProject
Global
	GlobalSection(SolutionConfigurationPlatforms) = preSolution
		Debug|Any CPU = Debug|Any CPU
		Release|Any CPU = Release|Any CPU
	EndGlobalSection
	GlobalSection(ProjectConfigurationPlatforms) = postSolution
		{AF171BFE-755F-4AE9-B8EB-F611E841D59D}.Debug|Any CPU.ActiveCfg = Debug|Any CPU
		{AF171BFE-755F-4AE9-B8EB-F611E841D59D}.Debug|Any CPU.Build.0 = Debug|Any CPU
		{AF171BFE-755F-4AE9-B8EB-F611E841D59D}.Release|Any CPU.ActiveCfg = Release|Any CPU
		{AF171BFE-755F-4AE9-B8EB-F611E841D59D}.Release|Any CPU.Build.0 = Release|Any CPU
	EndGlobalSection
	GlobalSection(SolutionProperties) = preSolution
		HideSolutionNode = FALSE
	EndGlobalSection
	GlobalSection(ExtensibilityGlobals) = postSolution
		SolutionGuid = {56FBEE3A-52E6-43D4-BDFD-47BD76DF6A71}
	EndGlobalSection
EndGlobal
