
Microsoft Visual Studio Solution File, Format Version 12.00
# Visual Studio Version 16
VisualStudioVersion = 16.0.31105.61
MinimumVisualStudioVersion = 10.0.40219.1
Project("{FAE04EC0-301F-11D3-BF4B-00C04F79EFBC}") = "RectangleEnumApp", "RectangleEnumApp\RectangleEnumApp.csproj", "{86184873-FA73-4725-AF2A-D2E2D4CE32D6}"
EndProject
Global
	GlobalSection(SolutionConfigurationPlatforms) = preSolution
		Debug|Any CPU = Debug|Any CPU
		Release|Any CPU = Release|Any CPU
	EndGlobalSection
	GlobalSection(ProjectConfigurationPlatforms) = postSolution
		{86184873-FA73-4725-AF2A-D2E2D4CE32D6}.Debug|Any CPU.ActiveCfg = Debug|Any CPU
		{86184873-FA73-4725-AF2A-D2E2D4CE32D6}.Debug|Any CPU.Build.0 = Debug|Any CPU
		{86184873-FA73-4725-AF2A-D2E2D4CE32D6}.Release|Any CPU.ActiveCfg = Release|Any CPU
		{86184873-FA73-4725-AF2A-D2E2D4CE32D6}.Release|Any CPU.Build.0 = Release|Any CPU
	EndGlobalSection
	GlobalSection(SolutionProperties) = preSolution
		HideSolutionNode = FALSE
	EndGlobalSection
	GlobalSection(ExtensibilityGlobals) = postSolution
		SolutionGuid = {8F614288-E4EA-4372-81BE-AAA9AEBC269F}
	EndGlobalSection
EndGlobal
