
Microsoft Visual Studio Solution File, Format Version 12.00
# Visual Studio Version 16
VisualStudioVersion = 16.0.31129.286
MinimumVisualStudioVersion = 10.0.40219.1
Project("{FAE04EC0-301F-11D3-BF4B-00C04F79EFBC}") = "DeserializationApp", "DeserializationApp\DeserializationApp.csproj", "{401E7C03-1322-4001-96A7-B52407679016}"
EndProject
Global
	GlobalSection(SolutionConfigurationPlatforms) = preSolution
		Debug|Any CPU = Debug|Any CPU
		Release|Any CPU = Release|Any CPU
	EndGlobalSection
	GlobalSection(ProjectConfigurationPlatforms) = postSolution
		{401E7C03-1322-4001-96A7-B52407679016}.Debug|Any CPU.ActiveCfg = Debug|Any CPU
		{401E7C03-1322-4001-96A7-B52407679016}.Debug|Any CPU.Build.0 = Debug|Any CPU
		{401E7C03-1322-4001-96A7-B52407679016}.Release|Any CPU.ActiveCfg = Release|Any CPU
		{401E7C03-1322-4001-96A7-B52407679016}.Release|Any CPU.Build.0 = Release|Any CPU
	EndGlobalSection
	GlobalSection(SolutionProperties) = preSolution
		HideSolutionNode = FALSE
	EndGlobalSection
	GlobalSection(ExtensibilityGlobals) = postSolution
		SolutionGuid = {94C1D6C1-13F4-4942-B337-574DB5DEF5AB}
	EndGlobalSection
EndGlobal
