
Microsoft Visual Studio Solution File, Format Version 12.00
# Visual Studio Version 16
VisualStudioVersion = 16.0.31205.134
MinimumVisualStudioVersion = 10.0.40219.1
Project("{FAE04EC0-301F-11D3-BF4B-00C04F79EFBC}") = "ShapeInheritence", "ShapeInheritence\ShapeInheritence.csproj", "{55B0B7CC-16F6-4599-9D17-3FE5F1A2CC13}"
EndProject
Global
	GlobalSection(SolutionConfigurationPlatforms) = preSolution
		Debug|Any CPU = Debug|Any CPU
		Release|Any CPU = Release|Any CPU
	EndGlobalSection
	GlobalSection(ProjectConfigurationPlatforms) = postSolution
		{55B0B7CC-16F6-4599-9D17-3FE5F1A2CC13}.Debug|Any CPU.ActiveCfg = Debug|Any CPU
		{55B0B7CC-16F6-4599-9D17-3FE5F1A2CC13}.Debug|Any CPU.Build.0 = Debug|Any CPU
		{55B0B7CC-16F6-4599-9D17-3FE5F1A2CC13}.Release|Any CPU.ActiveCfg = Release|Any CPU
		{55B0B7CC-16F6-4599-9D17-3FE5F1A2CC13}.Release|Any CPU.Build.0 = Release|Any CPU
	EndGlobalSection
	GlobalSection(SolutionProperties) = preSolution
		HideSolutionNode = FALSE
	EndGlobalSection
	GlobalSection(ExtensibilityGlobals) = postSolution
		SolutionGuid = {F421FEED-6C62-4BE7-857A-59FA525BDB83}
	EndGlobalSection
EndGlobal
