
Microsoft Visual Studio Solution File, Format Version 12.00
# Visual Studio Version 16
VisualStudioVersion = 16.0.31112.23
MinimumVisualStudioVersion = 10.0.40219.1
Project("{FAE04EC0-301F-11D3-BF4B-00C04F79EFBC}") = "StudentPropertyApp", "StudentPropertyApp\StudentPropertyApp.csproj", "{A442A629-6A04-4FC2-AADB-4BADB25A1327}"
EndProject
Global
	GlobalSection(SolutionConfigurationPlatforms) = preSolution
		Debug|Any CPU = Debug|Any CPU
		Release|Any CPU = Release|Any CPU
	EndGlobalSection
	GlobalSection(ProjectConfigurationPlatforms) = postSolution
		{A442A629-6A04-4FC2-AADB-4BADB25A1327}.Debug|Any CPU.ActiveCfg = Debug|Any CPU
		{A442A629-6A04-4FC2-AADB-4BADB25A1327}.Debug|Any CPU.Build.0 = Debug|Any CPU
		{A442A629-6A04-4FC2-AADB-4BADB25A1327}.Release|Any CPU.ActiveCfg = Release|Any CPU
		{A442A629-6A04-4FC2-AADB-4BADB25A1327}.Release|Any CPU.Build.0 = Release|Any CPU
	EndGlobalSection
	GlobalSection(SolutionProperties) = preSolution
		HideSolutionNode = FALSE
	EndGlobalSection
	GlobalSection(ExtensibilityGlobals) = postSolution
		SolutionGuid = {9F8776DC-6E8F-4241-B242-10ED5D66A40C}
	EndGlobalSection
EndGlobal
