
Microsoft Visual Studio Solution File, Format Version 12.00
# Visual Studio Version 16
VisualStudioVersion = 16.0.31205.134
MinimumVisualStudioVersion = 10.0.40219.1
Project("{FAE04EC0-301F-11D3-BF4B-00C04F79EFBC}") = "ExceptionStackApp", "ExceptionStackApp.csproj", "{C5815BCA-051A-4394-9FF2-CCE1139E16DE}"
EndProject
Global
	GlobalSection(SolutionConfigurationPlatforms) = preSolution
		Debug|Any CPU = Debug|Any CPU
		Release|Any CPU = Release|Any CPU
	EndGlobalSection
	GlobalSection(ProjectConfigurationPlatforms) = postSolution
		{C5815BCA-051A-4394-9FF2-CCE1139E16DE}.Debug|Any CPU.ActiveCfg = Debug|Any CPU
		{C5815BCA-051A-4394-9FF2-CCE1139E16DE}.Debug|Any CPU.Build.0 = Debug|Any CPU
		{C5815BCA-051A-4394-9FF2-CCE1139E16DE}.Release|Any CPU.ActiveCfg = Release|Any CPU
		{C5815BCA-051A-4394-9FF2-CCE1139E16DE}.Release|Any CPU.Build.0 = Release|Any CPU
	EndGlobalSection
	GlobalSection(SolutionProperties) = preSolution
		HideSolutionNode = FALSE
	EndGlobalSection
	GlobalSection(ExtensibilityGlobals) = postSolution
		SolutionGuid = {C0016CE0-9A8C-4FC5-AE40-8B93774FF3B5}
	EndGlobalSection
EndGlobal
